version = 1
revision = 3
requires-python = ">=3.11"

[[package]]
name = "annotated-doc"
version = "0.0.5"
source = { registry = "http://localhost:8081/repository/pypi-group/simple" }
wheels = [
    { url = "http://localhost:8081/repository/pypi-group/packages/annotated-doc/0.0.5/annotated_doc-0.0.5-py3-none-any.whl", hash = "sha256:117bac03a25ede5df5440e855b32d556049ca169ead221505badf432fed4b101", size = 5302, upload-time = "2026-08-17T19:52:19.854Z" },
]

[[package]]
name = "annotated-types"
version = "0.8.0"
source = { registry = "http://localhost:8081/repository/pypi-group/simple" }
wheels = [
    { url = "http://localhost:8081/repository/pypi-group/packages/annotated-types/0.8.0/annotated_types-0.8.0-py3-none-any.whl", hash = "sha256:f072f4d804ea359e4eaf198b1af7a8b0943881a87f31bb764f8bf219bb9419e0", size = 13427, upload-time = "2026-08-17T19:52:19.904Z" },
]

[[package]]
name = "anyio"
version = "4.14.2"
source = { registry = "http://localhost:8081/repository/pypi-group/simple" }
dependencies = [
    { name = "idna" },
    { name = "typing-extensions", marker = "python_full_version < '3.13'" },
]
wheels = [
    { url = "http://localhost:8081/repository/pypi-group/packages/anyio/4.14.2/anyio-4.14.2-py3-none-any.whl", hash = "sha256:9f505dda5ac9f0c8309b5e8bd445a8c2bf7246f3ce950121e45ea15bc41d1494", size = 125813, upload-time = "2026-08-17T19:52:19.952Z" },
]

[[package]]
name = "apscheduler"
version = "3.11.3"
source = { registry = "http://localhost:8081/repository/pypi-group/simple" }
dependencies = [
    { name = "tzlocal" },
]
wheels = [
    { url = "http://localhost:8081/repository/pypi-group/packages/apscheduler/3.11.3/apscheduler-3.11.3-py3-none-any.whl", hash = "sha256:bbeb2ec02d23d3c06a6c07ed7f0f3939ada6680eb121fae809a69bb42c537a30", size = 66024, upload-time = "2026-08-17T20:10:10.334Z" },
]

[[package]]
name = "certifi"
version = "2026.7.22"
source = { registry = "http://localhost:8081/repository/pypi-group/simple" }
wheels = [
    { url = "http://localhost:8081/repository/pypi-group/packages/certifi/2026.7.22/certifi-2026.7.22-py3-none-any.whl", hash = "sha256:62f22742b58a1a33014a2b6b706588a8d7e2a88ae7bd1a6ebe8c992928483775", size = 136983, upload-time = "2026-08-17T19:57:24.834Z" },
]

[[package]]
name = "click"
version = "8.4.2"
source = { registry = "http://localhost:8081/repository/pypi-group/simple" }
dependencies = [
    { name = "colorama", marker = "sys_platform == 'win32'" },
]
wheels = [
    { url = "http://localhost:8081/repository/pypi-group/packages/click/8.4.2/click-8.4.2-py3-none-any.whl", hash = "sha256:e6f9f66136c816745b9d65817da91d61d957fb16e02e4dcd0552553c5a197b76", size = 119243, upload-time = "2026-08-17T20:06:38.127Z" },
]

[[package]]
name = "colorama"
version = "0.4.6"
source = { registry = "http://localhost:8081/repository/pypi-group/simple" }
wheels = [
    { url = "http://localhost:8081/repository/pypi-group/packages/colorama/0.4.6/colorama-0.4.6-py2.py3-none-any.whl", hash = "sha256:4f1d9991f5acc0ca119f9d443620b77f9d6b33703e51011c16baf57afb285fc6", size = 25335, upload-time = "2026-08-17T20:06:38.161Z" },
]

[[package]]
name = "fastapi"
version = "0.141.1"
source = { registry = "http://localhost:8081/repository/pypi-group/simple" }
dependencies = [
    { name = "annotated-doc" },
    { name = "pydantic" },
    { name = "starlette" },
    { name = "typing-extensions" },
    { name = "typing-inspection" },
]
wheels = [
    { url = "http://localhost:8081/repository/pypi-group/packages/fastapi/0.141.1/fastapi-0.141.1-py3-none-any.whl", hash = "sha256:bfb91aa2d334c61cb35ba9a116fc123b3d3df31640b801cf57a7a78ec3f603b3", size = 131954, upload-time = "2026-08-17T19:52:19.997Z" },
]

[[package]]
name = "h11"
version = "0.16.0"
source = { registry = "http://localhost:8081/repository/pypi-group/simple" }
wheels = [
    { url = "http://localhost:8081/repository/pypi-group/packages/h11/0.16.0/h11-0.16.0-py3-none-any.whl", hash = "sha256:63cf8bbe7522de3bf65932fda1d9c2772064ffb3dae62d55932da54b31cb6c86", size = 37515, upload-time = "2026-08-17T19:57:24.876Z" },
]

[[package]]
name = "httpcore"
version = "1.0.9"
source = { registry = "http://localhost:8081/repository/pypi-group/simple" }
dependencies = [
    { name = "certifi" },
    { name = "h11" },
]
wheels = [
    { url = "http://localhost:8081/repository/pypi-group/packages/httpcore/1.0.9/httpcore-1.0.9-py3-none-any.whl", hash = "sha256:2d400746a40668fc9dec9810239072b40b4484b640a8c38fd654a024c7a1bf55", size = 78784, upload-time = "2026-08-17T19:57:24.914Z" },
]

[[package]]
name = "httpx"
version = "0.28.1"
source = { registry = "http://localhost:8081/repository/pypi-group/simple" }
dependencies = [
    { name = "anyio" },
    { name = "certifi" },
    { name = "httpcore" },
    { name = "idna" },
]
wheels = [
    { url = "http://localhost:8081/repository/pypi-group/packages/httpx/0.28.1/httpx-0.28.1-py3-none-any.whl", hash = "sha256:d909fcccc110f8c7faf814ca82a9a4d816bc5a6dbfea25d6591d6985b8ba59ad", size = 73517, upload-time = "2026-08-17T19:57:24.956Z" },
]

[[package]]
name = "idna"
version = "3.18"
source = { registry = "http://localhost:8081/repository/pypi-group/simple" }
wheels = [
    { url = "http://localhost:8081/repository/pypi-group/packages/idna/3.18/idna-3.18-py3-none-any.whl", hash = "sha256:7f952cbe720b688055e3f87de14f5c3e5fdaa8bc3928985c4077ca689de849a2", size = 65455, upload-time = "2026-08-17T19:52:20.045Z" },
]

[[package]]
name = "iniconfig"
version = "2.3.0"
source = { registry = "http://localhost:8081/repository/pypi-group/simple" }
wheels = [
    { url = "http://localhost:8081/repository/pypi-group/packages/iniconfig/2.3.0/iniconfig-2.3.0-py3-none-any.whl", hash = "sha256:f631c04d2c48c52b84d0d0549c99ff3859c98df65b3101406327ecc7d53fbf12", size = 7484, upload-time = "2026-08-17T20:07:58.964Z" },
]

[[package]]
name = "markdown-it-py"
version = "4.2.0"
source = { registry = "http://localhost:8081/repository/pypi-group/simple" }
dependencies = [
    { name = "mdurl" },
]
wheels = [
    { url = "http://localhost:8081/repository/pypi-group/packages/markdown-it-py/4.2.0/markdown_it_py-4.2.0-py3-none-any.whl", hash = "sha256:9f7ebbcd14fe59494226453aed97c1070d83f8d24b6fc3a3bcf9a38092641c4a", size = 91687, upload-time = "2026-08-17T20:07:49.598Z" },
]

[[package]]
name = "marshmallow"
version = "4.3.1"
source = { registry = "http://localhost:8081/repository/pypi-group/simple" }
wheels = [
    { url = "http://localhost:8081/repository/pypi-group/packages/marshmallow/4.3.1/marshmallow-4.3.1-py3-none-any.whl", hash = "sha256:e65accfbe277546df92ed7996a678c90e063e9a7c2a2f5e03f7d0b90e3768c42", size = 49219, upload-time = "2026-08-19T08:38:04.572Z" },
]

[[package]]
name = "mdurl"
version = "0.1.2"
source = { registry = "http://localhost:8081/repository/pypi-group/simple" }
wheels = [
    { url = "http://localhost:8081/repository/pypi-group/packages/mdurl/0.1.2/mdurl-0.1.2-py3-none-any.whl", hash = "sha256:84008a41e51615a49fc9966191ff91509e3c40b939176e643fd50a5c2196b8f8", size = 9979, upload-time = "2026-08-17T20:07:49.631Z" },
]

[[package]]
name = "packaging"
version = "26.3"
source = { registry = "http://localhost:8081/repository/pypi-group/simple" }
wheels = [
    { url = "http://localhost:8081/repository/pypi-group/packages/packaging/26.3/packaging-26.3-py3-none-any.whl", hash = "sha256:d7193f7c8e4e93f444fde0262bf90af30e16fa0ad0ad44cb553c87339b23cd1c", size = 129956, upload-time = "2026-08-17T20:07:59.002Z" },
]

[[package]]
name = "pluggy"
version = "1.6.0"
source = { registry = "http://localhost:8081/repository/pypi-group/simple" }
wheels = [
    { url = "http://localhost:8081/repository/pypi-group/packages/pluggy/1.6.0/pluggy-1.6.0-py3-none-any.whl", hash = "sha256:e920276dd6813095e9377c0bc5566d94c932c33b27a3e3945d8389c374dd4746", size = 20538, upload-time = "2026-08-17T20:07:59.039Z" },
]

[[package]]
name = "polars"
version = "1.43.2"
source = { registry = "http://localhost:8081/repository/pypi-group/simple" }
dependencies = [
    { name = "polars-runtime-32" },
]
wheels = [
    { url = "http://localhost:8081/repository/pypi-group/packages/polars/1.43.2/polars-1.43.2-py3-none-any.whl", hash = "sha256:22aa0cb92a1ee2d60d6a15a638b2e8e0dd99aea21ac0cd8fb29da8e382e075a9", size = 847150, upload-time = "2026-08-19T08:38:24.613Z" },
]

[[package]]
name = "polars-runtime-32"
version = "1.43.2"
source = { registry = "http://localhost:8081/repository/pypi-group/simple" }
wheels = [
    { url = "http://localhost:8081/repository/pypi-group/packages/polars-runtime-32/1.43.2/polars_runtime_32-1.43.2-cp310-abi3-win_amd64.whl", hash = "sha256:00e33c28e321410c8d66e814a90043101e3bdd9ed2c6dabda07565aa8adbbdf1", size = 52572176, upload-time = "2026-08-19T08:38:26.1Z" },
]

[[package]]
name = "pydantic"
version = "2.13.4"
source = { registry = "http://localhost:8081/repository/pypi-group/simple" }
dependencies = [
    { name = "annotated-types" },
    { name = "pydantic-core" },
    { name = "typing-extensions" },
    { name = "typing-inspection" },
]
wheels = [
    { url = "http://localhost:8081/repository/pypi-group/packages/pydantic/2.13.4/pydantic-2.13.4-py3-none-any.whl", hash = "sha256:45a282cde31d808236fd7ea9d919b128653c8b38b393d1c4ab335c62924d9aba", size = 472262, upload-time = "2026-08-17T19:52:20.107Z" },
]

[[package]]
name = "pydantic-core"
version = "2.46.4"
source = { registry = "http://localhost:8081/repository/pypi-group/simple" }
dependencies = [
    { name = "typing-extensions" },
]
wheels = [
    { url = "http://localhost:8081/repository/pypi-group/packages/pydantic-core/2.46.4/pydantic_core-2.46.4-cp311-cp311-win_amd64.whl", hash = "sha256:6f2eeda33a839975441c86a4119e1383c50b47faf0cbb5176985565c6bb02c33", size = 2071114, upload-time = "2026-08-17T19:52:20.221Z" },
]

[[package]]
name = "pygments"
version = "2.21.0"
source = { registry = "http://localhost:8081/repository/pypi-group/simple" }
wheels = [
    { url = "http://localhost:8081/repository/pypi-group/packages/pygments/2.21.0/pygments-2.21.0-py3-none-any.whl", hash = "sha256:2363c69b61c4a97c838da3b130dcd6468f4848992b21a82f2a63ec34377137d9", size = 1250147, upload-time = "2026-08-17T20:07:49.705Z" },
]

[[package]]
name = "pytest"
version = "9.1.1"
source = { registry = "http://localhost:8081/repository/pypi-group/simple" }
dependencies = [
    { name = "colorama", marker = "sys_platform == 'win32'" },
    { name = "iniconfig" },
    { name = "packaging" },
    { name = "pluggy" },
    { name = "pygments" },
]
wheels = [
    { url = "http://localhost:8081/repository/pypi-group/packages/pytest/9.1.1/pytest-9.1.1-py3-none-any.whl", hash = "sha256:37a86b45efb9a47a61a36449063e8e18d0cab3161329fc099eb21783169c4f0c", size = 386536, upload-time = "2026-08-17T20:07:59.149Z" },
]

[[package]]
name = "pyyaml"
version = "6.0.3"
source = { registry = "http://localhost:8081/repository/pypi-group/simple" }
wheels = [
    { url = "http://localhost:8081/repository/pypi-group/packages/pyyaml/6.0.3/pyyaml-6.0.3-cp311-cp311-win_amd64.whl", hash = "sha256:9f3bfb4965eb874431221a3ff3fdcddc7e74e3b07799e0e84ca4a0f867d449bf", size = 158763, upload-time = "2026-08-19T08:38:41.073Z" },
]

[[package]]
name = "rich"
version = "15.0.0"
source = { registry = "http://localhost:8081/repository/pypi-group/simple" }
dependencies = [
    { name = "markdown-it-py" },
    { name = "pygments" },
]
wheels = [
    { url = "http://localhost:8081/repository/pypi-group/packages/rich/15.0.0/rich-15.0.0-py3-none-any.whl", hash = "sha256:33bd4ef74232fb73fe9279a257718407f169c09b78a87ad3d296f548e27de0bb", size = 310654, upload-time = "2026-08-17T20:07:49.749Z" },
]

[[package]]
name = "shellingham"
version = "1.5.4"
source = { registry = "http://localhost:8081/repository/pypi-group/simple" }
wheels = [
    { url = "http://localhost:8081/repository/pypi-group/packages/shellingham/1.5.4/shellingham-1.5.4-py2.py3-none-any.whl", hash = "sha256:7ecfff8f2fd72616f7481040475a65b2bf8af90a56c89140852d1120324e8686", size = 9755, upload-time = "2026-08-19T08:41:13.548Z" },
]

[[package]]
name = "starlette"
version = "1.6.0"
source = { registry = "http://localhost:8081/repository/pypi-group/simple" }
dependencies = [
    { name = "anyio" },
    { name = "typing-extensions", marker = "python_full_version < '3.13'" },
]
wheels = [
    { url = "http://localhost:8081/repository/pypi-group/packages/starlette/1.6.0/starlette-1.6.0-py3-none-any.whl", hash = "sha256:a86dd39d14bb45f85a3d18525215a9ef0cfd1f192ac793220e72598c90335f0c", size = 75969, upload-time = "2026-08-17T19:52:20.264Z" },
]

[[package]]
name = "structlog"
version = "26.1.0"
source = { registry = "http://localhost:8081/repository/pypi-group/simple" }
wheels = [
    { url = "http://localhost:8081/repository/pypi-group/packages/structlog/26.1.0/structlog-26.1.0-py3-none-any.whl", hash = "sha256:e081a26d6c373e6d201eca24eede26d8ffab07f88f477822e679183428d3d91e", size = 73764, upload-time = "2026-08-19T08:40:48.61Z" },
]

[[package]]
name = "tinydb"
version = "4.9.0"
source = { registry = "http://localhost:8081/repository/pypi-group/simple" }
wheels = [
    { url = "http://localhost:8081/repository/pypi-group/packages/tinydb/4.9.0/tinydb-4.9.0-py3-none-any.whl", hash = "sha256:111f1f680978a1b7c534d698dd1d76739ff31c74c27fd26a111140b51d8b35d6", size = 25731, upload-time = "2026-08-19T08:40:58.17Z" },
]

[[package]]
name = "typer"
version = "0.27.1"
source = { registry = "http://localhost:8081/repository/pypi-group/simple" }
dependencies = [
    { name = "annotated-doc" },
    { name = "colorama", marker = "sys_platform == 'win32'" },
    { name = "rich" },
    { name = "shellingham" },
]
wheels = [
    { url = "http://localhost:8081/repository/pypi-group/packages/typer/0.27.1/typer-0.27.1-py3-none-any.whl", hash = "sha256:53150287edd11baeb4e4722c8e394fcdf8181c0ae89485cba8d25c778d5edd56", size = 122874, upload-time = "2026-08-19T08:41:13.662Z" },
]

[[package]]
name = "typing-extensions"
version = "4.16.0"
source = { registry = "http://localhost:8081/repository/pypi-group/simple" }
wheels = [
    { url = "http://localhost:8081/repository/pypi-group/packages/typing-extensions/4.16.0/typing_extensions-4.16.0-py3-none-any.whl", hash = "sha256:481caa481374e813c1b176ada14e97f1f67a4539ce9cfeb3f350d78d6370c2e8", size = 45571, upload-time = "2026-08-17T19:52:20.307Z" },
]

[[package]]
name = "typing-inspection"
version = "0.4.4"
source = { registry = "http://localhost:8081/repository/pypi-group/simple" }
dependencies = [
    { name = "typing-extensions" },
]
wheels = [
    { url = "http://localhost:8081/repository/pypi-group/packages/typing-inspection/0.4.4/typing_inspection-0.4.4-py3-none-any.whl", hash = "sha256:65b8397ba37ccbce054456aaccddfc91e6e3083c92824df348d96ca832f3f147", size = 14750, upload-time = "2026-08-17T19:52:20.35Z" },
]

[[package]]
name = "tzdata"
version = "2026.3"
source = { registry = "http://localhost:8081/repository/pypi-group/simple" }
wheels = [
    { url = "http://localhost:8081/repository/pypi-group/packages/tzdata/2026.3/tzdata-2026.3-py2.py3-none-any.whl", hash = "sha256:dc096730c87af6cab1b171c9d532be840741ff5d459015e7f6947bd7d7e54931", size = 348168, upload-time = "2026-08-17T20:06:54.398Z" },
]

[[package]]
name = "tzlocal"
version = "5.4.4"
source = { registry = "http://localhost:8081/repository/pypi-group/simple" }
dependencies = [
    { name = "tzdata", marker = "sys_platform == 'win32'" },
]
wheels = [
    { url = "http://localhost:8081/repository/pypi-group/packages/tzlocal/5.4.4/tzlocal-5.4.4-py3-none-any.whl", hash = "sha256:aae09f0126a8a86fa736be266eb4a471380d26a0de3bc14844e7821fee3e2a15", size = 18115, upload-time = "2026-08-17T20:10:10.41Z" },
]

[[package]]
name = "uv-python-project"
version = "0.1.0"
source = { virtual = "." }
dependencies = [
    { name = "apscheduler" },
    { name = "fastapi" },
    { name = "httpx" },
    { name = "marshmallow" },
    { name = "polars" },
    { name = "pyyaml" },
    { name = "structlog" },
    { name = "tinydb" },
    { name = "typer" },
    { name = "uvicorn" },
]

[package.dev-dependencies]
dev = [
    { name = "pytest" },
]

[package.metadata]
requires-dist = [
    { name = "apscheduler", specifier = ">=3.10.4" },
    { name = "fastapi", specifier = ">=0.110.0" },
    { name = "httpx", specifier = ">=0.27.0" },
    { name = "marshmallow", specifier = ">=3.20.2" },
    { name = "polars", specifier = ">=0.20.16" },
    { name = "pyyaml", specifier = ">=6.0.1" },
    { name = "structlog", specifier = ">=24.1.0" },
    { name = "tinydb", specifier = ">=4.8.0" },
    { name = "typer", specifier = ">=0.9.0" },
    { name = "uvicorn", specifier = ">=0.29.0" },
]

[package.metadata.requires-dev]
dev = [{ name = "pytest", specifier = ">=7.4.4" }]

[[package]]
name = "uvicorn"
version = "0.52.4"
source = { registry = "http://localhost:8081/repository/pypi-group/simple" }
dependencies = [
    { name = "click" },
    { name = "h11" },
]
wheels = [
    { url = "http://localhost:8081/repository/pypi-group/packages/uvicorn/0.52.4/uvicorn-0.52.4-py3-none-any.whl", hash = "sha256:f86e41a149d7d05a9969337e3946a9c171c06a5d42680896daaba624aeac8da1", size = 79871, upload-time = "2026-08-19T08:41:24.217Z" },
]
